Microsoft Visual Studio Solution File, Format Version 12.00
# Visual Studio 15
VisualStudioVersion = 15.0.27703.2000
MinimumVisualStudioVersion = 10.0.40219.1
Project("{8BC9CEB8-8B4A-11D0-8D11-00A0C91BC942}") = "kvzRTP", "kvzRTP.vcxproj", "{4AC7F590-B493-48E5-ADC5-956CB2F8DD8C}"
EndProject
Global
	GlobalSection(SolutionConfigurationPlatforms) = preSolution
		Debug|x64 = Debug|x64
		Debug|x86 = Debug|x86
		Release|x64 = Release|x64
		Release|x86 = Release|x86
	EndGlobalSection
	GlobalSection(ProjectConfigurationPlatforms) = postSolution
		{4AC7F590-B493-48E5-ADC5-956CB2F8DD8C}.Debug|x64.ActiveCfg = Debug|x64
		{4AC7F590-B493-48E5-ADC5-956CB2F8DD8C}.Debug|x64.Build.0 = Debug|x64
		{4AC7F590-B493-48E5-ADC5-956CB2F8DD8C}.Debug|x86.ActiveCfg = Debug|Win32
		{4AC7F590-B493-48E5-ADC5-956CB2F8DD8C}.Debug|x86.Build.0 = Debug|Win32
		{4AC7F590-B493-48E5-ADC5-956CB2F8DD8C}.Release|x64.ActiveCfg = Release|x64
		{4AC7F590-B493-48E5-ADC5-956CB2F8DD8C}.Release|x64.Build.0 = Release|x64
		{4AC7F590-B493-48E5-ADC5-956CB2F8DD8C}.Release|x86.ActiveCfg = Release|Win32
		{4AC7F590-B493-48E5-ADC5-956CB2F8DD8C}.Release|x86.Build.0 = Release|Win32
		{07FB4A5F-EAA2-4A12-95EE-8F8005496FF3}.Debug|x64.ActiveCfg = Debug|x64
		{07FB4A5F-EAA2-4A12-95EE-8F8005496FF3}.Debug|x64.Build.0 = Debug|x64
		{07FB4A5F-EAA2-4A12-95EE-8F8005496FF3}.Debug|x86.ActiveCfg = Debug|Win32
		{07FB4A5F-EAA2-4A12-95EE-8F8005496FF3}.Debug|x86.Build.0 = Debug|Win32
		{07FB4A5F-EAA2-4A12-95EE-8F8005496FF3}.Release|x64.ActiveCfg = Release|x64
		{07FB4A5F-EAA2-4A12-95EE-8F8005496FF3}.Release|x64.Build.0 = Release|x64
		{07FB4A5F-EAA2-4A12-95EE-8F8005496FF3}.Release|x86.ActiveCfg = Release|Win32
		{07FB4A5F-EAA2-4A12-95EE-8F8005496FF3}.Release|x86.Build.0 = Release|Win32
	EndGlobalSection
	GlobalSection(SolutionProperties) = preSolution
		HideSolutionNode = FALSE
	EndGlobalSection
	GlobalSection(ExtensibilityGlobals) = postSolution
		SolutionGuid = {122BD2C4-5526-4F15-BCFC-B248AEB4E9F0}
	EndGlobalSection
EndGlobal
