<?xml version="1.0" encoding="utf-8"?>
<Project ToolsVersion="4.0" xmlns="http://schemas.microsoft.com/developer/msbuild/2003">
  <ItemGroup>
    <Filter Include="Source Files">
      <UniqueIdentifier>{4FC737F1-C7A5-4376-A066-2A32D752A2FF}</UniqueIdentifier>
      <Extensions>cpp;c;cc;cxx;def;odl;idl;hpj;bat;asm;asmx</Extensions>
    </Filter>
    <Filter Include="Header Files">
      <UniqueIdentifier>{93995380-89BD-4b04-88EB-625FBE52EBFB}</UniqueIdentifier>
      <Extensions>h;hh;hpp;hxx;hm;inl;inc;ipp;xsd</Extensions>
    </Filter>
    <Filter Include="Resource Files">
      <UniqueIdentifier>{67DA6AB6-F800-4c08-8B7A-83BB121AAD01}</UniqueIdentifier>
      <Extensions>rc;ico;cur;bmp;dlg;rc2;rct;bin;rgs;gif;jpg;jpeg;jpe;resx;tiff;tif;png;wav;mfcribbon-ms</Extensions>
    </Filter>
  </ItemGroup>
  <ItemGroup>
	<ClCompile Include="src\clock.cc">
		<Filter>Source Files</Filter>
	</ClCompile>
	<ClCompile Include="src\crypto.cc">
		<Filter>Source Files</Filter>
	</ClCompile>
	<ClCompile Include="src\dispatch.cc">
		<Filter>Source Files</Filter>
	</ClCompile>
	<ClCompile Include="src\frame.cc">
		<Filter>Source Files</Filter>
	</ClCompile>
	<ClCompile Include="src\hostname.cc">
		<Filter>Source Files</Filter>
	</ClCompile>
	<ClCompile Include="src\lib.cc">
		<Filter>Source Files</Filter>
	</ClCompile>
	<ClCompile Include="src\media_stream.cc">
		<Filter>Source Files</Filter>
	</ClCompile>
	<ClCompile Include="src\mingw_inet.cc">
		<Filter>Source Files</Filter>
	</ClCompile>
	<ClCompile Include="src\multicast.cc">
		<Filter>Source Files</Filter>
	</ClCompile>
	<ClCompile Include="src\pkt_dispatch.cc">
		<Filter>Source Files</Filter>
	</ClCompile>
	<ClCompile Include="src\poll.cc">
		<Filter>Source Files</Filter>
	</ClCompile>
	<ClCompile Include="src\queue.cc">
		<Filter>Source Files</Filter>
	</ClCompile>
	<ClCompile Include="src\random.cc">
		<Filter>Source Files</Filter>
	</ClCompile>
	<ClCompile Include="src\rtcp.cc">
		<Filter>Source Files</Filter>
	</ClCompile>
	<ClCompile Include="src\rtp.cc">
		<Filter>Source Files</Filter>
	</ClCompile>
	<ClCompile Include="src\runner.cc">
		<Filter>Source Files</Filter>
	</ClCompile>
	<ClCompile Include="src\session.cc">
		<Filter>Source Files</Filter>
	</ClCompile>
	<ClCompile Include="src\socket.cc">
		<Filter>Source Files</Filter>
	</ClCompile>
	<ClCompile Include="src\zrtp.c">
		<Filter>Source Files</Filter>
	</ClCompile>
	<ClCompile Include="src\formats\media.cc">
		<Filter>Source Files</Filter>
	</ClCompile>
	<ClCompile Include="src\formats\hevc.cc">
		<Filter>Source Files</Filter>
	</ClCompile>
	<ClCompile Include="src\formats\hevc_pkt_handler.cc">
		<Filter>Source Files</Filter>
	</ClCompile>
	<ClCompile Include="src\zrtp\zrtp_receiver.cc">
		<Filter>Source Files</Filter>
	</ClCompile>
	<ClCompile Include="src\zrtp\hello.cc">
		<Filter>Source Files</Filter>
	</ClCompile>
	<ClCompile Include="src\zrtp\hello_ack.cc">
		<Filter>Source Files</Filter>
	</ClCompile>
	<ClCompile Include="src\zrtp\commit.cc">
		<Filter>Source Files</Filter>
	</ClCompile>
	<ClCompile Include="src\zrtp\dh_kxchng.cc">
		<Filter>Source Files</Filter>
	</ClCompile>
	<ClCompile Include="src\zrtp\confirm.cc">
		<Filter>Source Files</Filter>
	</ClCompile>
	<ClCompile Include="src\zrtp\confack.cc">
		<Filter>Source Files</Filter>
	</ClCompile>
	<ClCompile Include="src\zrtp\error.cc">
		<Filter>Source Files</Filter>
	</ClCompile>
	<ClCompile Include="src\rtcp\app.cc">
		<Filter>Source Files</Filter>
	</ClCompile>
	<ClCompile Include="src\rtcp\sdes.cc">
		<Filter>Source Files</Filter>
	</ClCompile>
	<ClCompile Include="src\rtcp\bye.cc">
		<Filter>Source Files</Filter>
	</ClCompile>
	<ClCompile Include="src\rtcp\receiver.cc">
		<Filter>Source Files</Filter>
	</ClCompile>
	<ClCompile Include="src\rtcp\sender.cc">
		<Filter>Source Files</Filter>
	</ClCompile>
	<ClCompile Include="src\rtcp\rtcp_runner.cc">
		<Filter>Source Files</Filter>
	</ClCompile>
	<ClCompile Include="src\srtp\base.cc">
		<Filter>Source Files</Filter>
	</ClCompile>
	<ClCompile Include="src\srtp\srtp.cc">
		<Filter>Source Files</Filter>
	</ClCompile>
	<ClCompile Include="src\srtp\srtcp.cc">
		<Filter>Source Files</Filter>
	</ClCompile>
  </ItemGroup>
  <ItemGroup>
	<ClInclude Include="src\clock.hh">
		<Filter>Header Files</Filter>
	</ClInclude>
	<ClInclude Include="src\crypto.hh">
		<Filter>Header Files</Filter>
	</ClInclude>
	<ClInclude Include="src\dispatch.hh">
		<Filter>Header Files</Filter>
	</ClInclude>
	<ClInclude Include="src\frame.hh">
		<Filter>Header Files</Filter>
	</ClInclude>
	<ClInclude Include="src\hostname.hh">
		<Filter>Header Files</Filter>
	</ClInclude>
	<ClInclude Include="src\lib.hh">
		<Filter>Header Files</Filter>
	</ClInclude>
	<ClInclude Include="src\media_stream.hh">
		<Filter>Header Files</Filter>
	</ClInclude>
	<ClInclude Include="src\mingw_inet.hh">
		<Filter>Header Files</Filter>
	</ClInclude>
	<ClInclude Include="src\multicast.hh">
		<Filter>Header Files</Filter>
	</ClInclude>
	<ClInclude Include="src\pkt_dispatch.hh">
		<Filter>Header Files</Filter>
	</ClInclude>
	<ClInclude Include="src\poll.hh">
		<Filter>Header Files</Filter>
	</ClInclude>
	<ClInclude Include="src\queue.hh">
		<Filter>Header Files</Filter>
	</ClInclude>
	<ClInclude Include="src\random.hh">
		<Filter>Header Files</Filter>
	</ClInclude>
	<ClInclude Include="src\rtcp.hh">
		<Filter>Header Files</Filter>
	</ClInclude>
	<ClInclude Include="src\rtp.hh">
		<Filter>Header Files</Filter>
	</ClInclude>
	<ClInclude Include="src\runner.hh">
		<Filter>Header Files</Filter>
	</ClInclude>
	<ClInclude Include="src\session.hh">
		<Filter>Header Files</Filter>
	</ClInclude>
	<ClInclude Include="src\socket.hh">
		<Filter>Header Files</Filter>
	</ClInclude>
	<ClInclude Include="src\zrtp.c">
		<Filter>Header Files</Filter>
	</ClInclude>
	<ClInclude Include="src\formats\media.hh">
		<Filter>Header Files</Filter>
	</ClInclude>
	<ClInclude Include="src\formats\hevc.hh">
		<Filter>Header Files</Filter>
	</ClInclude>
	<ClInclude Include="src\formats\hevc_pkt_handler.hh">
		<Filter>Header Files</Filter>
	</ClInclude>
	<ClInclude Include="src\zrtp\zrtp_receiver.hh">
		<Filter>Header Files</Filter>
	</ClInclude>
	<ClInclude Include="src\zrtp\hello.hh">
		<Filter>Header Files</Filter>
	</ClInclude>
	<ClInclude Include="src\zrtp\hello_ack.hh">
		<Filter>Header Files</Filter>
	</ClInclude>
	<ClInclude Include="src\zrtp\commit.hh">
		<Filter>Header Files</Filter>
	</ClInclude>
	<ClInclude Include="src\zrtp\dh_kxchng.hh">
		<Filter>Header Files</Filter>
	</ClInclude>
	<ClInclude Include="src\zrtp\confirm.hh">
		<Filter>Header Files</Filter>
	</ClInclude>
	<ClInclude Include="src\zrtp\confack.hh">
		<Filter>Header Files</Filter>
	</ClInclude>
	<ClInclude Include="src\zrtp\error.hh">
		<Filter>Header Files</Filter>
	</ClInclude>
	<ClInclude Include="src\rtcp\app.hh">
		<Filter>Header Files</Filter>
	</ClInclude>
	<ClInclude Include="src\rtcp\sdes.hh">
		<Filter>Header Files</Filter>
	</ClInclude>
	<ClInclude Include="src\rtcp\bye.hh">
		<Filter>Header Files</Filter>
	</ClInclude>
	<ClInclude Include="src\rtcp\receiver.hh">
		<Filter>Header Files</Filter>
	</ClInclude>
	<ClInclude Include="src\rtcp\sender.hh">
		<Filter>Header Files</Filter>
	</ClInclude>
	<ClInclude Include="src\rtcp\rtcp_runner.hh">
		<Filter>Header Files</Filter>
	</ClInclude>
	<ClInclude Include="src\srtp\base.hh">
		<Filter>Header Files</Filter>
	</ClInclude>
	<ClInclude Include="src\srtp\srtp.hh">
		<Filter>Header Files</Filter>
	</ClInclude>
	<ClInclude Include="src\srtp\srtcp.hh">
		<Filter>Header Files</Filter>
	</ClInclude>
  </ItemGroup>
</Project>
