<?xml version="1.0" encoding="utf-8"?>
<Project ToolsVersion="4.0" xmlns="http://schemas.microsoft.com/developer/msbuild/2003">
  <ItemGroup>
    <Filter Include="Source Files">
      <UniqueIdentifier>{4FC737F1-C7A5-4376-A066-2A32D752A2FF}</UniqueIdentifier>
      <Extensions>cpp;c;cc;cxx;def;odl;idl;hpj;bat;asm;asmx</Extensions>
    </Filter>
    <Filter Include="Header Files">
      <UniqueIdentifier>{93995380-89BD-4b04-88EB-625FBE52EBFB}</UniqueIdentifier>
      <Extensions>h;hh;hpp;hxx;hm;inl;inc;ipp;xsd</Extensions>
    </Filter>
    <Filter Include="Resource Files">
      <UniqueIdentifier>{67DA6AB6-F800-4c08-8B7A-83BB121AAD01}</UniqueIdentifier>
      <Extensions>rc;ico;cur;bmp;dlg;rc2;rct;bin;rgs;gif;jpg;jpeg;jpe;resx;tiff;tif;png;wav;mfcribbon-ms</Extensions>
    </Filter>
  </ItemGroup>
  <ItemGroup>
    <ClCompile Include="src\send.cc">
      <Filter>Source Files</Filter>
    </ClCompile>
    <ClCompile Include="src\lib.cc">
      <Filter>Source Files</Filter>
    </ClCompile>
    <ClCompile Include="src\frame.cc">
      <Filter>Source Files</Filter>
    </ClCompile>
    <ClCompile Include="src\mingw_inet.cc">
      <Filter>Source Files</Filter>
    </ClCompile>
    <ClCompile Include="src\multicast.cc">
      <Filter>Source Files</Filter>
    </ClCompile>
    <ClCompile Include="src\poll.cc">
      <Filter>Source Files</Filter>
    </ClCompile>
    <ClCompile Include="src\rtcp.cc">
      <Filter>Source Files</Filter>
    </ClCompile>
    <ClCompile Include="src\socket.cc">
      <Filter>Source Files</Filter>
    </ClCompile>
    <ClCompile Include="src\clock.cc">
      <Filter>Source Files</Filter>
    </ClCompile>
    <ClCompile Include="src\hostname.cc">
      <Filter>Source Files</Filter>
    </ClCompile>
    <ClCompile Include="src\queue.cc">
      <Filter>Source Files</Filter>
    </ClCompile>
    <ClCompile Include="src\random.cc">
      <Filter>Source Files</Filter>
    </ClCompile>
    <ClCompile Include="src\dispatch.cc">
      <Filter>Source Files</Filter>
    </ClCompile>
    <ClCompile Include="src\runner.cc">
      <Filter>Source Files</Filter>
    </ClCompile>
    <ClCompile Include="src\sender.cc">
      <Filter>Source Files</Filter>
    </ClCompile>
    <ClCompile Include="src\receiver.cc">
      <Filter>Source Files</Filter>
    </ClCompile>
    <ClCompile Include="src\session.cc">
      <Filter>Source Files</Filter>
    </ClCompile>
    <ClCompile Include="src\rtp.cc">
      <Filter>Source Files</Filter>
    </ClCompile>
    <ClCompile Include="src\srtp.cc">
      <Filter>Source Files</Filter>
    </ClCompile>
    <ClCompile Include="src\crypto.cc">
      <Filter>Source Files</Filter>
    </ClCompile>
    <ClCompile Include="src\media_stream.cc">
      <Filter>Source Files</Filter>
    </ClCompile>
    <ClCompile Include="src\formats\opus.cc">
      <Filter>Source Files</Filter>
    </ClCompile>
    <ClCompile Include="src\formats\hevc.cc">
      <Filter>Source Files</Filter>
    </ClCompile>
    <ClCompile Include="src\formats\hevc_recv_normal.cc">
      <Filter>Source Files</Filter>
    </ClCompile>
    <ClCompile Include="src\formats\generic.cc">
      <Filter>Source Files</Filter>
    </ClCompile>
  </ItemGroup>
  <ItemGroup>
    <ClInclude Include="include\send.hh">
      <Filter>Header Files</Filter>
    </ClInclude>
    <ClInclude Include="include\rtcp.hh">
      <Filter>Header Files</Filter>
    </ClInclude>
    <ClInclude Include="include\lib.hh">
      <Filter>Header Files</Filter>
    </ClInclude>
    <ClInclude Include="include\frame.hh">
      <Filter>Header Files</Filter>
    </ClInclude>
    <ClInclude Include="include\debug.hh">
      <Filter>Header Files</Filter>
    </ClInclude>
    <ClInclude Include="include\util.hh">
      <Filter>Header Files</Filter>
    </ClInclude>
    <ClInclude Include="include\mingw_inet.hh">
      <Filter>Header Files</Filter>
    </ClInclude>
    <ClInclude Include="include\multicast.hh">
      <Filter>Header Files</Filter>
    </ClInclude>
    <ClInclude Include="include\poll.hh">
      <Filter>Header Files</Filter>
    </ClInclude>
    <ClInclude Include="include\rtcp.hh">
      <Filter>Header Files</Filter>
    </ClInclude>
    <ClInclude Include="include\socket.hh">
      <Filter>Header Files</Filter>
    </ClInclude>
    <ClInclude Include="include\clock.hh">
      <Filter>Header Files</Filter>
    </ClInclude>
    <ClInclude Include="include\hostname.hh">
      <Filter>Header Files</Filter>
    </ClInclude>
    <ClInclude Include="include\queue.hh">
      <Filter>Header Files</Filter>
    </ClInclude>
    <ClInclude Include="include\random.hh">
      <Filter>Header Files</Filter>
    </ClInclude>
    <ClInclude Include="include\dispatch.hh">
      <Filter>Header Files</Filter>
    </ClInclude>
    <ClInclude Include="include\runner.hh">
      <Filter>Header Files</Filter>
    </ClInclude>
    <ClInclude Include="include\receiver.hh">
      <Filter>Header Files</Filter>
    </ClInclude>
    <ClInclude Include="include\sender.hh">
      <Filter>Header Files</Filter>
    </ClInclude>
    <ClInclude Include="include\session.hh">
      <Filter>Header Files</Filter>
    </ClInclude>
    <ClInclude Include="include\rtp.hh">
      <Filter>Header Files</Filter>
    </ClInclude>
    <ClInclude Include="include\media_stream.hh">
      <Filter>Header Files</Filter>
    </ClInclude>
    <ClInclude Include="include\formats\opus.hh">
      <Filter>Header Files</Filter>
    </ClInclude>
    <ClInclude Include="include\formats\hevc.hh">
      <Filter>Header Files</Filter>
    </ClInclude>
    <ClInclude Include="include\formats\generic.hh">
      <Filter>Header Files</Filter>
    </ClInclude>
  </ItemGroup>
</Project>
